
Microsoft Visual Studio Solution File, Format Version 12.00
# Visual Studio Version 17
VisualStudioVersion = 17.1.32104.313
MinimumVisualStudioVersion = 10.0.40219.1
Project("{FAE04EC0-301F-11D3-BF4B-00C04F79EFBC}") = "Akvarium", "Akvarium.csproj", "{0545633B-1BCD-48F1-A0AE-658D2F515EDE}"
EndProject
Global
	GlobalSection(SolutionConfigurationPlatforms) = preSolution
		Debug|Any CPU = Debug|Any CPU
		Release|Any CPU = Release|Any CPU
	EndGlobalSection
	GlobalSection(ProjectConfigurationPlatforms) = postSolution
		{0545633B-1BCD-48F1-A0AE-658D2F515EDE}.Debug|Any CPU.ActiveCfg = Debug|Any CPU
		{0545633B-1BCD-48F1-A0AE-658D2F515EDE}.Debug|Any CPU.Build.0 = Debug|Any CPU
		{0545633B-1BCD-48F1-A0AE-658D2F515EDE}.Release|Any CPU.ActiveCfg = Release|Any CPU
		{0545633B-1BCD-48F1-A0AE-658D2F515EDE}.Release|Any CPU.Build.0 = Release|Any CPU
	EndGlobalSection
	GlobalSection(SolutionProperties) = preSolution
		HideSolutionNode = FALSE
	EndGlobalSection
	GlobalSection(ExtensibilityGlobals) = postSolution
		SolutionGuid = {0A573840-FF96-401D-87C0-D7B9AF87DBA7}
	EndGlobalSection
EndGlobal
